
Microsoft Visual Studio Solution File, Format Version 12.00
# Visual Studio Version 17
VisualStudioVersion = 17.3.32901.215
MinimumVisualStudioVersion = 10.0.40219.1
Project("{FAE04EC0-301F-11D3-BF4B-00C04F79EFBC}") = "CalculatorLabAssignment", "CalculatorLabAssignment\CalculatorLabAssignment.csproj", "{693EA540-AA2F-4E09-9F98-17C26B7E20E9}"
EndProject
Global
	GlobalSection(SolutionConfigurationPlatforms) = preSolution
		Debug|Any CPU = Debug|Any CPU
		Release|Any CPU = Release|Any CPU
	EndGlobalSection
	GlobalSection(ProjectConfigurationPlatforms) = postSolution
		{693EA540-AA2F-4E09-9F98-17C26B7E20E9}.Debug|Any CPU.ActiveCfg = Debug|Any CPU
		{693EA540-AA2F-4E09-9F98-17C26B7E20E9}.Debug|Any CPU.Build.0 = Debug|Any CPU
		{693EA540-AA2F-4E09-9F98-17C26B7E20E9}.Release|Any CPU.ActiveCfg = Release|Any CPU
		{693EA540-AA2F-4E09-9F98-17C26B7E20E9}.Release|Any CPU.Build.0 = Release|Any CPU
	EndGlobalSection
	GlobalSection(SolutionProperties) = preSolution
		HideSolutionNode = FALSE
	EndGlobalSection
	GlobalSection(ExtensibilityGlobals) = postSolution
		SolutionGuid = {F4732986-55E8-4F30-914B-DF2EC5C6CB1A}
	EndGlobalSection
EndGlobal
